
Microsoft Visual Studio Solution File, Format Version 12.00
# Visual Studio 14
VisualStudioVersion = 14.0.23107.0
MinimumVisualStudioVersion = 10.0.40219.1
Project("{FAE04EC0-301F-11D3-BF4B-00C04F79EFBC}") = "SimplePictureViewer", "SimplePictureViewer\SimplePictureViewer.csproj", "{898F2B50-775B-4AD7-B0CA-321D3F2EA44F}"
EndProject
Global
	GlobalSection(SolutionConfigurationPlatforms) = preSolution
		Debug|Any CPU = Debug|Any CPU
		Release|Any CPU = Release|Any CPU
	EndGlobalSection
	GlobalSection(ProjectConfigurationPlatforms) = postSolution
		{898F2B50-775B-4AD7-B0CA-321D3F2EA44F}.Debug|Any CPU.ActiveCfg = Debug|Any CPU
		{898F2B50-775B-4AD7-B0CA-321D3F2EA44F}.Debug|Any CPU.Build.0 = Debug|Any CPU
		{898F2B50-775B-4AD7-B0CA-321D3F2EA44F}.Release|Any CPU.ActiveCfg = Release|Any CPU
		{898F2B50-775B-4AD7-B0CA-321D3F2EA44F}.Release|Any CPU.Build.0 = Release|Any CPU
	EndGlobalSection
	GlobalSection(SolutionProperties) = preSolution
		HideSolutionNode = FALSE
	EndGlobalSection
EndGlobal
